
Microsoft Visual Studio Solution File, Format Version 12.00
# Visual Studio Version 17
VisualStudioVersion = 17.1.32210.238
MinimumVisualStudioVersion = 10.0.40219.1
Project("{FAE04EC0-301F-11D3-BF4B-00C04F79EFBC}") = "uml_generator", "uml_generator\uml_generator.csproj", "{9E81ADD3-2FD8-4BEE-87D3-EAF4FB7023F2}"
EndProject
Global
	GlobalSection(SolutionConfigurationPlatforms) = preSolution
		Debug|Any CPU = Debug|Any CPU
		Release|Any CPU = Release|Any CPU
	EndGlobalSection
	GlobalSection(ProjectConfigurationPlatforms) = postSolution
		{9E81ADD3-2FD8-4BEE-87D3-EAF4FB7023F2}.Debug|Any CPU.ActiveCfg = Debug|Any CPU
		{9E81ADD3-2FD8-4BEE-87D3-EAF4FB7023F2}.Debug|Any CPU.Build.0 = Debug|Any CPU
		{9E81ADD3-2FD8-4BEE-87D3-EAF4FB7023F2}.Release|Any CPU.ActiveCfg = Release|Any CPU
		{9E81ADD3-2FD8-4BEE-87D3-EAF4FB7023F2}.Release|Any CPU.Build.0 = Release|Any CPU
	EndGlobalSection
	GlobalSection(SolutionProperties) = preSolution
		HideSolutionNode = FALSE
	EndGlobalSection
	GlobalSection(ExtensibilityGlobals) = postSolution
		SolutionGuid = {818EB31F-76F3-472A-86BA-3985903C9A3D}
	EndGlobalSection
EndGlobal
